
Microsoft Visual Studio Solution File, Format Version 12.00
# Visual Studio Version 16
VisualStudioVersion = 16.0.30114.105
MinimumVisualStudioVersion = 10.0.40219.1
Project("{FAE04EC0-301F-11D3-BF4B-00C04F79EFBC}") = "API", "API\API.csproj", "{CABDCE94-F396-43E8-9BCB-7CDF4431C8D7}"
EndProject
Project("{FAE04EC0-301F-11D3-BF4B-00C04F79EFBC}") = "Application", "Application\Application.csproj", "{D432131D-E987-428C-BAC7-FC70AD7FEE0C}"
EndProject
Project("{FAE04EC0-301F-11D3-BF4B-00C04F79EFBC}") = "Domain", "Domain\Domain.csproj", "{18020631-F0C1-467A-9A4A-7C6BBF88773B}"
EndProject
Project("{FAE04EC0-301F-11D3-BF4B-00C04F79EFBC}") = "Persistence", "Persistence\Persistence.csproj", "{036B5E7B-D86A-445E-806E-96FF533A45CA}"
EndProject
Global
	GlobalSection(SolutionConfigurationPlatforms) = preSolution
		Debug|Any CPU = Debug|Any CPU
		Release|Any CPU = Release|Any CPU
	EndGlobalSection
	GlobalSection(SolutionProperties) = preSolution
		HideSolutionNode = FALSE
	EndGlobalSection
	GlobalSection(ProjectConfigurationPlatforms) = postSolution
		{CABDCE94-F396-43E8-9BCB-7CDF4431C8D7}.Debug|Any CPU.ActiveCfg = Debug|Any CPU
		{CABDCE94-F396-43E8-9BCB-7CDF4431C8D7}.Debug|Any CPU.Build.0 = Debug|Any CPU
		{CABDCE94-F396-43E8-9BCB-7CDF4431C8D7}.Release|Any CPU.ActiveCfg = Release|Any CPU
		{CABDCE94-F396-43E8-9BCB-7CDF4431C8D7}.Release|Any CPU.Build.0 = Release|Any CPU
		{D432131D-E987-428C-BAC7-FC70AD7FEE0C}.Debug|Any CPU.ActiveCfg = Debug|Any CPU
		{D432131D-E987-428C-BAC7-FC70AD7FEE0C}.Debug|Any CPU.Build.0 = Debug|Any CPU
		{D432131D-E987-428C-BAC7-FC70AD7FEE0C}.Release|Any CPU.ActiveCfg = Release|Any CPU
		{D432131D-E987-428C-BAC7-FC70AD7FEE0C}.Release|Any CPU.Build.0 = Release|Any CPU
		{18020631-F0C1-467A-9A4A-7C6BBF88773B}.Debug|Any CPU.ActiveCfg = Debug|Any CPU
		{18020631-F0C1-467A-9A4A-7C6BBF88773B}.Debug|Any CPU.Build.0 = Debug|Any CPU
		{18020631-F0C1-467A-9A4A-7C6BBF88773B}.Release|Any CPU.ActiveCfg = Release|Any CPU
		{18020631-F0C1-467A-9A4A-7C6BBF88773B}.Release|Any CPU.Build.0 = Release|Any CPU
		{036B5E7B-D86A-445E-806E-96FF533A45CA}.Debug|Any CPU.ActiveCfg = Debug|Any CPU
		{036B5E7B-D86A-445E-806E-96FF533A45CA}.Debug|Any CPU.Build.0 = Debug|Any CPU
		{036B5E7B-D86A-445E-806E-96FF533A45CA}.Release|Any CPU.ActiveCfg = Release|Any CPU
		{036B5E7B-D86A-445E-806E-96FF533A45CA}.Release|Any CPU.Build.0 = Release|Any CPU
	EndGlobalSection
EndGlobal
